
Microsoft Visual Studio Solution File, Format Version 12.00
# Visual Studio Version 17
VisualStudioVersion = 17.0.31903.59
MinimumVisualStudioVersion = 10.0.40219.1
Project("{FAE04EC0-301F-11D3-BF4B-00C04F79EFBC}") = "task13", "task13\task13.csproj", "{E46BFE30-44AA-4F13-9B0C-52B644268539}"
EndProject
Project("{FAE04EC0-301F-11D3-BF4B-00C04F79EFBC}") = "task13tests", "task13tests\task13tests.csproj", "{99A60026-8932-4150-B9E4-076BB9FCDA7D}"
EndProject
Global
	GlobalSection(SolutionConfigurationPlatforms) = preSolution
		Debug|Any CPU = Debug|Any CPU
		Debug|x64 = Debug|x64
		Debug|x86 = Debug|x86
		Release|Any CPU = Release|Any CPU
		Release|x64 = Release|x64
		Release|x86 = Release|x86
	EndGlobalSection
	GlobalSection(ProjectConfigurationPlatforms) = postSolution
		{E46BFE30-44AA-4F13-9B0C-52B644268539}.Debug|Any CPU.ActiveCfg = Debug|Any CPU
		{E46BFE30-44AA-4F13-9B0C-52B644268539}.Debug|Any CPU.Build.0 = Debug|Any CPU
		{E46BFE30-44AA-4F13-9B0C-52B644268539}.Debug|x64.ActiveCfg = Debug|Any CPU
		{E46BFE30-44AA-4F13-9B0C-52B644268539}.Debug|x64.Build.0 = Debug|Any CPU
		{E46BFE30-44AA-4F13-9B0C-52B644268539}.Debug|x86.ActiveCfg = Debug|Any CPU
		{E46BFE30-44AA-4F13-9B0C-52B644268539}.Debug|x86.Build.0 = Debug|Any CPU
		{E46BFE30-44AA-4F13-9B0C-52B644268539}.Release|Any CPU.ActiveCfg = Release|Any CPU
		{E46BFE30-44AA-4F13-9B0C-52B644268539}.Release|Any CPU.Build.0 = Release|Any CPU
		{E46BFE30-44AA-4F13-9B0C-52B644268539}.Release|x64.ActiveCfg = Release|Any CPU
		{E46BFE30-44AA-4F13-9B0C-52B644268539}.Release|x64.Build.0 = Release|Any CPU
		{E46BFE30-44AA-4F13-9B0C-52B644268539}.Release|x86.ActiveCfg = Release|Any CPU
		{E46BFE30-44AA-4F13-9B0C-52B644268539}.Release|x86.Build.0 = Release|Any CPU
		{99A60026-8932-4150-B9E4-076BB9FCDA7D}.Debug|Any CPU.ActiveCfg = Debug|Any CPU
		{99A60026-8932-4150-B9E4-076BB9FCDA7D}.Debug|Any CPU.Build.0 = Debug|Any CPU
		{99A60026-8932-4150-B9E4-076BB9FCDA7D}.Debug|x64.ActiveCfg = Debug|Any CPU
		{99A60026-8932-4150-B9E4-076BB9FCDA7D}.Debug|x64.Build.0 = Debug|Any CPU
		{99A60026-8932-4150-B9E4-076BB9FCDA7D}.Debug|x86.ActiveCfg = Debug|Any CPU
		{99A60026-8932-4150-B9E4-076BB9FCDA7D}.Debug|x86.Build.0 = Debug|Any CPU
		{99A60026-8932-4150-B9E4-076BB9FCDA7D}.Release|Any CPU.ActiveCfg = Release|Any CPU
		{99A60026-8932-4150-B9E4-076BB9FCDA7D}.Release|Any CPU.Build.0 = Release|Any CPU
		{99A60026-8932-4150-B9E4-076BB9FCDA7D}.Release|x64.ActiveCfg = Release|Any CPU
		{99A60026-8932-4150-B9E4-076BB9FCDA7D}.Release|x64.Build.0 = Release|Any CPU
		{99A60026-8932-4150-B9E4-076BB9FCDA7D}.Release|x86.ActiveCfg = Release|Any CPU
		{99A60026-8932-4150-B9E4-076BB9FCDA7D}.Release|x86.Build.0 = Release|Any CPU
	EndGlobalSection
	GlobalSection(SolutionProperties) = preSolution
		HideSolutionNode = FALSE
	EndGlobalSection
EndGlobal
